
Microsoft Visual Studio Solution File, Format Version 12.00
# Visual Studio 15
VisualStudioVersion = 15.0.27004.2002
MinimumVisualStudioVersion = 10.0.40219.1
Project("{FAE04EC0-301F-11D3-BF4B-00C04F79EFBC}") = "Zadatak1", "Zadatak1\Zadatak1.csproj", "{2B4BC685-D487-4D85-A73B-64FE7FDD2476}"
EndProject
Project("{FAE04EC0-301F-11D3-BF4B-00C04F79EFBC}") = "Testovi", "Testovi\Testovi.csproj", "{14A2191B-7C80-431D-86E5-70FCCC8D3878}"
EndProject
Project("{FAE04EC0-301F-11D3-BF4B-00C04F79EFBC}") = "Zadatak2", "Zadatak2\Zadatak2.csproj", "{0884A760-8BC8-492C-9E0B-A35EE284E854}"
EndProject
Project("{FAE04EC0-301F-11D3-BF4B-00C04F79EFBC}") = "Zadatak3", "Zadatak3\Zadatak3.csproj", "{5CB5C77C-2EEB-44FF-9DAC-9046B6FEA107}"
EndProject
Project("{FAE04EC0-301F-11D3-BF4B-00C04F79EFBC}") = "Zadatak4", "Zadatak4\Zadatak4.csproj", "{2CA2FDA0-15B7-4C67-8030-D73EB7D695B2}"
EndProject
Global
	GlobalSection(SolutionConfigurationPlatforms) = preSolution
		Debug|Any CPU = Debug|Any CPU
		Release|Any CPU = Release|Any CPU
	EndGlobalSection
	GlobalSection(ProjectConfigurationPlatforms) = postSolution
		{2B4BC685-D487-4D85-A73B-64FE7FDD2476}.Debug|Any CPU.ActiveCfg = Debug|Any CPU
		{2B4BC685-D487-4D85-A73B-64FE7FDD2476}.Debug|Any CPU.Build.0 = Debug|Any CPU
		{2B4BC685-D487-4D85-A73B-64FE7FDD2476}.Release|Any CPU.ActiveCfg = Release|Any CPU
		{2B4BC685-D487-4D85-A73B-64FE7FDD2476}.Release|Any CPU.Build.0 = Release|Any CPU
		{14A2191B-7C80-431D-86E5-70FCCC8D3878}.Debug|Any CPU.ActiveCfg = Debug|Any CPU
		{14A2191B-7C80-431D-86E5-70FCCC8D3878}.Debug|Any CPU.Build.0 = Debug|Any CPU
		{14A2191B-7C80-431D-86E5-70FCCC8D3878}.Release|Any CPU.ActiveCfg = Release|Any CPU
		{14A2191B-7C80-431D-86E5-70FCCC8D3878}.Release|Any CPU.Build.0 = Release|Any CPU
		{0884A760-8BC8-492C-9E0B-A35EE284E854}.Debug|Any CPU.ActiveCfg = Debug|Any CPU
		{0884A760-8BC8-492C-9E0B-A35EE284E854}.Debug|Any CPU.Build.0 = Debug|Any CPU
		{0884A760-8BC8-492C-9E0B-A35EE284E854}.Release|Any CPU.ActiveCfg = Release|Any CPU
		{0884A760-8BC8-492C-9E0B-A35EE284E854}.Release|Any CPU.Build.0 = Release|Any CPU
		{5CB5C77C-2EEB-44FF-9DAC-9046B6FEA107}.Debug|Any CPU.ActiveCfg = Debug|Any CPU
		{5CB5C77C-2EEB-44FF-9DAC-9046B6FEA107}.Debug|Any CPU.Build.0 = Debug|Any CPU
		{5CB5C77C-2EEB-44FF-9DAC-9046B6FEA107}.Release|Any CPU.ActiveCfg = Release|Any CPU
		{5CB5C77C-2EEB-44FF-9DAC-9046B6FEA107}.Release|Any CPU.Build.0 = Release|Any CPU
		{2CA2FDA0-15B7-4C67-8030-D73EB7D695B2}.Debug|Any CPU.ActiveCfg = Debug|Any CPU
		{2CA2FDA0-15B7-4C67-8030-D73EB7D695B2}.Debug|Any CPU.Build.0 = Debug|Any CPU
		{2CA2FDA0-15B7-4C67-8030-D73EB7D695B2}.Release|Any CPU.ActiveCfg = Release|Any CPU
		{2CA2FDA0-15B7-4C67-8030-D73EB7D695B2}.Release|Any CPU.Build.0 = Release|Any CPU
	EndGlobalSection
	GlobalSection(SolutionProperties) = preSolution
		HideSolutionNode = FALSE
	EndGlobalSection
	GlobalSection(ExtensibilityGlobals) = postSolution
		SolutionGuid = {0955B51C-F3E4-4BF2-BCCE-C745CAAE3BC3}
	EndGlobalSection
EndGlobal
